
Microsoft Visual Studio Solution File, Format Version 12.00
# Visual Studio Version 17
VisualStudioVersion = 17.4.33122.133
MinimumVisualStudioVersion = 10.0.40219.1
Project("{FAE04EC0-301F-11D3-BF4B-00C04F79EFBC}") = "efall", "efall\efall.csproj", "{4AB29CBC-3273-4346-8750-4B129D8CCD21}"
EndProject
Global
	GlobalSection(SolutionConfigurationPlatforms) = preSolution
		Debug|Any CPU = Debug|Any CPU
		Release|Any CPU = Release|Any CPU
	EndGlobalSection
	GlobalSection(ProjectConfigurationPlatforms) = postSolution
		{4AB29CBC-3273-4346-8750-4B129D8CCD21}.Debug|Any CPU.ActiveCfg = Debug|Any CPU
		{4AB29CBC-3273-4346-8750-4B129D8CCD21}.Debug|Any CPU.Build.0 = Debug|Any CPU
		{4AB29CBC-3273-4346-8750-4B129D8CCD21}.Release|Any CPU.ActiveCfg = Release|Any CPU
		{4AB29CBC-3273-4346-8750-4B129D8CCD21}.Release|Any CPU.Build.0 = Release|Any CPU
	EndGlobalSection
	GlobalSection(SolutionProperties) = preSolution
		HideSolutionNode = FALSE
	EndGlobalSection
	GlobalSection(ExtensibilityGlobals) = postSolution
		SolutionGuid = {F3C7F6D4-6F36-4F38-9E3F-0A2ACE60E148}
	EndGlobalSection
EndGlobal
